
Microsoft Visual Studio Solution File, Format Version 12.00
Project("{FAE04EC0-301F-11D3-BF4B-00C04F79EFBC}") = "UtildadesCSharp", "UtildadesCSharp\UtildadesCSharp.csproj", "{A5420E6E-16CA-4B38-822F-86479D0ADDBC}"
EndProject
Project("{FAE04EC0-301F-11D3-BF4B-00C04F79EFBC}") = "FileUtils", "FileUtils\FileUtils.csproj", "{4B46D6EA-7A81-48DB-A938-7F0B7E673A5A}"
EndProject
Project("{FAE04EC0-301F-11D3-BF4B-00C04F79EFBC}") = "Exceptions", "Exceptions\Exceptions.csproj", "{49061D32-0451-4C65-B710-A690CAB66385}"
EndProject
Project("{FAE04EC0-301F-11D3-BF4B-00C04F79EFBC}") = "Enums", "Enums\Enums.csproj", "{C9397325-836E-4020-B190-6A55829AFF22}"
EndProject
Global
	GlobalSection(SolutionConfigurationPlatforms) = preSolution
		Debug|Any CPU = Debug|Any CPU
		Release|Any CPU = Release|Any CPU
	EndGlobalSection
	GlobalSection(ProjectConfigurationPlatforms) = postSolution
		{A5420E6E-16CA-4B38-822F-86479D0ADDBC}.Debug|Any CPU.ActiveCfg = Debug|Any CPU
		{A5420E6E-16CA-4B38-822F-86479D0ADDBC}.Debug|Any CPU.Build.0 = Debug|Any CPU
		{A5420E6E-16CA-4B38-822F-86479D0ADDBC}.Release|Any CPU.ActiveCfg = Release|Any CPU
		{A5420E6E-16CA-4B38-822F-86479D0ADDBC}.Release|Any CPU.Build.0 = Release|Any CPU
		{4B46D6EA-7A81-48DB-A938-7F0B7E673A5A}.Debug|Any CPU.ActiveCfg = Debug|Any CPU
		{4B46D6EA-7A81-48DB-A938-7F0B7E673A5A}.Debug|Any CPU.Build.0 = Debug|Any CPU
		{4B46D6EA-7A81-48DB-A938-7F0B7E673A5A}.Release|Any CPU.ActiveCfg = Release|Any CPU
		{4B46D6EA-7A81-48DB-A938-7F0B7E673A5A}.Release|Any CPU.Build.0 = Release|Any CPU
		{49061D32-0451-4C65-B710-A690CAB66385}.Debug|Any CPU.ActiveCfg = Debug|Any CPU
		{49061D32-0451-4C65-B710-A690CAB66385}.Debug|Any CPU.Build.0 = Debug|Any CPU
		{49061D32-0451-4C65-B710-A690CAB66385}.Release|Any CPU.ActiveCfg = Release|Any CPU
		{49061D32-0451-4C65-B710-A690CAB66385}.Release|Any CPU.Build.0 = Release|Any CPU
		{C9397325-836E-4020-B190-6A55829AFF22}.Debug|Any CPU.ActiveCfg = Debug|Any CPU
		{C9397325-836E-4020-B190-6A55829AFF22}.Debug|Any CPU.Build.0 = Debug|Any CPU
		{C9397325-836E-4020-B190-6A55829AFF22}.Release|Any CPU.ActiveCfg = Release|Any CPU
		{C9397325-836E-4020-B190-6A55829AFF22}.Release|Any CPU.Build.0 = Release|Any CPU
	EndGlobalSection
EndGlobal
